// !$*UTF8*$!
{
	archiveVersion = 1;
	classes = {
	};
	objectVersion = 51;
	objects = {

/* Begin PBXBuildFile section */
		2D07766C9086451B4D262CB0 /* Pods_CleverloginTests.framework in Frameworks */ = {isa = PBXBuildFile; fileRef = 1FB6FCE3812FB7DB147B0962 /* Pods_CleverloginTests.framework */; };
		422B6AE524A1F7E800278D4C /* AppDelegate.swift in Sources */ = {isa = PBXBuildFile; fileRef = 422B6AE424A1F7E800278D4C /* AppDelegate.swift */; };
		422B6AEE24A1F7EF00278D4C /* Assets.xcassets in Resources */ = {isa = PBXBuildFile; fileRef = 422B6AED24A1F7EF00278D4C /* Assets.xcassets */; };
		422B6B0F24A2244400278D4C /* Service.swift in Sources */ = {isa = PBXBuildFile; fileRef = 422B6B0E24A2244400278D4C /* Service.swift */; };
		422B6B1524A226E500278D4C /* Endpoint.swift in Sources */ = {isa = PBXBuildFile; fileRef = 422B6B1424A226E500278D4C /* Endpoint.swift */; };
		422B6B1E24A2414A00278D4C /* Result.swift in Sources */ = {isa = PBXBuildFile; fileRef = 422B6B1D24A2414A00278D4C /* Result.swift */; };
		428228E924A254870030AE0A /* LoginCredentials.swift in Sources */ = {isa = PBXBuildFile; fileRef = 428228E824A254870030AE0A /* LoginCredentials.swift */; };
		428228ED24A26F910030AE0A /* LoginViewController.swift in Sources */ = {isa = PBXBuildFile; fileRef = 428228EC24A26F910030AE0A /* LoginViewController.swift */; };
		428228EF24A36DA30030AE0A /* String.swift in Sources */ = {isa = PBXBuildFile; fileRef = 428228EE24A36DA30030AE0A /* String.swift */; };
		428228F324A37ECD0030AE0A /* Login.storyboard in Resources */ = {isa = PBXBuildFile; fileRef = 428228F224A37ECD0030AE0A /* Login.storyboard */; };
		428228F724A3818E0030AE0A /* ImageViewController.swift in Sources */ = {isa = PBXBuildFile; fileRef = 428228F624A3818E0030AE0A /* ImageViewController.swift */; };
		428228FB24A3B0EC0030AE0A /* LoadingButton.swift in Sources */ = {isa = PBXBuildFile; fileRef = 428228FA24A3B0EC0030AE0A /* LoadingButton.swift */; };
		428228FD24A3B1370030AE0A /* LoginViewModel.swift in Sources */ = {isa = PBXBuildFile; fileRef = 428228FC24A3B1370030AE0A /* LoginViewModel.swift */; };
		428228FF24A3B1470030AE0A /* LoginViewDelegate.swift in Sources */ = {isa = PBXBuildFile; fileRef = 428228FE24A3B1470030AE0A /* LoginViewDelegate.swift */; };
		4282290124A3B4C00030AE0A /* ViewController.swift in Sources */ = {isa = PBXBuildFile; fileRef = 4282290024A3B4C00030AE0A /* ViewController.swift */; };
		4282290324A3BB990030AE0A /* ImageViewModel.swift in Sources */ = {isa = PBXBuildFile; fileRef = 4282290224A3BB990030AE0A /* ImageViewModel.swift */; };
		4282290524A3BCF90030AE0A /* ImageViewDelegate.swift in Sources */ = {isa = PBXBuildFile; fileRef = 4282290424A3BCF90030AE0A /* ImageViewDelegate.swift */; };
		4282290924A3D3150030AE0A /* Image.storyboard in Resources */ = {isa = PBXBuildFile; fileRef = 4282290824A3D3150030AE0A /* Image.storyboard */; };
		4282290B24A4E8690030AE0A /* Constant.swift in Sources */ = {isa = PBXBuildFile; fileRef = 4282290A24A4E8690030AE0A /* Constant.swift */; };
		4282290D24A4F0C30030AE0A /* ImageString.swift in Sources */ = {isa = PBXBuildFile; fileRef = 4282290C24A4F0C30030AE0A /* ImageString.swift */; };
		F7DC629B8E683517A2D73237 /* Pods_Cleverlogin.framework in Frameworks */ = {isa = PBXBuildFile; fileRef = A8E6781C8482AF39D3DC3593 /* Pods_Cleverlogin.framework */; };
/* End PBXBuildFile section */

/* Begin PBXContainerItemProxy section */
		422B6AF824A1F7F000278D4C /* PBXContainerItemProxy */ = {
			isa = PBXContainerItemProxy;
			containerPortal = 422B6AD924A1F7E800278D4C /* Project object */;
			proxyType = 1;
			remoteGlobalIDString = 422B6AE024A1F7E800278D4C;
			remoteInfo = Cleverlogin;
		};
/* End PBXContainerItemProxy section */

/* Begin PBXFileReference section */
		07976A9EABD04BCA2630BB47 /* Pods-CleverloginTests.debug.xcconfig */ = {isa = PBXFileReference; includeInIndex = 1; lastKnownFileType = text.xcconfig; name = "Pods-CleverloginTests.debug.xcconfig"; path = "Target Support Files/Pods-CleverloginTests/Pods-CleverloginTests.debug.xcconfig"; sourceTree = "<group>"; };
		1FB6FCE3812FB7DB147B0962 /* Pods_CleverloginTests.framework */ = {isa = PBXFileReference; explicitFileType = wrapper.framework; includeInIndex = 0; path = Pods_CleverloginTests.framework; sourceTree = BUILT_PRODUCTS_DIR; };
		422B6AE124A1F7E800278D4C /* Janosova.app */ = {isa = PBXFileReference; explicitFileType = wrapper.application; includeInIndex = 0; path = Janosova.app; sourceTree = BUILT_PRODUCTS_DIR; };
		422B6AE424A1F7E800278D4C /* AppDelegate.swift */ = {isa = PBXFileReference; lastKnownFileType = sourcecode.swift; path = AppDelegate.swift; sourceTree = "<group>"; };
		422B6AED24A1F7EF00278D4C /* Assets.xcassets */ = {isa = PBXFileReference; lastKnownFileType = folder.assetcatalog; path = Assets.xcassets; sourceTree = "<group>"; };
		422B6AF224A1F7EF00278D4C /* Info.plist */ = {isa = PBXFileReference; lastKnownFileType = text.plist.xml; path = Info.plist; sourceTree = "<group>"; };
		422B6AF724A1F7F000278D4C /* CleverloginTests.xctest */ = {isa = PBXFileReference; explicitFileType = wrapper.cfbundle; includeInIndex = 0; path = CleverloginTests.xctest; sourceTree = BUILT_PRODUCTS_DIR; };
		422B6B0E24A2244400278D4C /* Service.swift */ = {isa = PBXFileReference; lastKnownFileType = sourcecode.swift; path = Service.swift; sourceTree = "<group>"; };
		422B6B1424A226E500278D4C /* Endpoint.swift */ = {isa = PBXFileReference; lastKnownFileType = sourcecode.swift; path = Endpoint.swift; sourceTree = "<group>"; };
		422B6B1D24A2414A00278D4C /* Result.swift */ = {isa = PBXFileReference; lastKnownFileType = sourcecode.swift; path = Result.swift; sourceTree = "<group>"; };
		428228E824A254870030AE0A /* LoginCredentials.swift */ = {isa = PBXFileReference; lastKnownFileType = sourcecode.swift; path = LoginCredentials.swift; sourceTree = "<group>"; };
		428228EC24A26F910030AE0A /* LoginViewController.swift */ = {isa = PBXFileReference; lastKnownFileType = sourcecode.swift; path = LoginViewController.swift; sourceTree = "<group>"; };
		428228EE24A36DA30030AE0A /* String.swift */ = {isa = PBXFileReference; lastKnownFileType = sourcecode.swift; path = String.swift; sourceTree = "<group>"; };
		428228F224A37ECD0030AE0A /* Login.storyboard */ = {isa = PBXFileReference; lastKnownFileType = file.storyboard; path = Login.storyboard; sourceTree = "<group>"; };
		428228F624A3818E0030AE0A /* ImageViewController.swift */ = {isa = PBXFileReference; lastKnownFileType = sourcecode.swift; path = ImageViewController.swift; sourceTree = "<group>"; };
		428228FA24A3B0EC0030AE0A /* LoadingButton.swift */ = {isa = PBXFileReference; lastKnownFileType = sourcecode.swift; path = LoadingButton.swift; sourceTree = "<group>"; };
		428228FC24A3B1370030AE0A /* LoginViewModel.swift */ = {isa = PBXFileReference; lastKnownFileType = sourcecode.swift; path = LoginViewModel.swift; sourceTree = "<group>"; };
		428228FE24A3B1470030AE0A /* LoginViewDelegate.swift */ = {isa = PBXFileReference; lastKnownFileType = sourcecode.swift; path = LoginViewDelegate.swift; sourceTree = "<group>"; };
		4282290024A3B4C00030AE0A /* ViewController.swift */ = {isa = PBXFileReference; lastKnownFileType = sourcecode.swift; path = ViewController.swift; sourceTree = "<group>"; };
		4282290224A3BB990030AE0A /* ImageViewModel.swift */ = {isa = PBXFileReference; lastKnownFileType = sourcecode.swift; path = ImageViewModel.swift; sourceTree = "<group>"; };
		4282290424A3BCF90030AE0A /* ImageViewDelegate.swift */ = {isa = PBXFileReference; lastKnownFileType = sourcecode.swift; path = ImageViewDelegate.swift; sourceTree = "<group>"; };
		4282290824A3D3150030AE0A /* Image.storyboard */ = {isa = PBXFileReference; lastKnownFileType = file.storyboard; path = Image.storyboard; sourceTree = "<group>"; };
		4282290A24A4E8690030AE0A /* Constant.swift */ = {isa = PBXFileReference; lastKnownFileType = sourcecode.swift; path = Constant.swift; sourceTree = "<group>"; };
		4282290C24A4F0C30030AE0A /* ImageString.swift */ = {isa = PBXFileReference; lastKnownFileType = sourcecode.swift; path = ImageString.swift; sourceTree = "<group>"; };
		8C3CE3DB25975FB1A351DFBA /* Pods-Cleverlogin.debug.xcconfig */ = {isa = PBXFileReference; includeInIndex = 1; lastKnownFileType = text.xcconfig; name = "Pods-Cleverlogin.debug.xcconfig"; path = "Target Support Files/Pods-Cleverlogin/Pods-Cleverlogin.debug.xcconfig"; sourceTree = "<group>"; };
		A8E6781C8482AF39D3DC3593 /* Pods_Cleverlogin.framework */ = {isa = PBXFileReference; explicitFileType = wrapper.framework; includeInIndex = 0; path = Pods_Cleverlogin.framework; sourceTree = BUILT_PRODUCTS_DIR; };
		CCB8E14D8BF7E55C0C31534B /* Pods-Cleverlogin.release.xcconfig */ = {isa = PBXFileReference; includeInIndex = 1; lastKnownFileType = text.xcconfig; name = "Pods-Cleverlogin.release.xcconfig"; path = "Target Support Files/Pods-Cleverlogin/Pods-Cleverlogin.release.xcconfig"; sourceTree = "<group>"; };
		D13D74163D57FCC9AF52D76B /* Pods-CleverloginTests.release.xcconfig */ = {isa = PBXFileReference; includeInIndex = 1; lastKnownFileType = text.xcconfig; name = "Pods-CleverloginTests.release.xcconfig"; path = "Target Support Files/Pods-CleverloginTests/Pods-CleverloginTests.release.xcconfig"; sourceTree = "<group>"; };
/* End PBXFileReference section */

/* Begin PBXFrameworksBuildPhase section */
		422B6ADE24A1F7E800278D4C /* Frameworks */ = {
			isa = PBXFrameworksBuildPhase;
			buildActionMask = 2147483647;
			files = (
				F7DC629B8E683517A2D73237 /* Pods_Cleverlogin.framework in Frameworks */,
			);
			runOnlyForDeploymentPostprocessing = 0;
		};
		422B6AF424A1F7F000278D4C /* Frameworks */ = {
			isa = PBXFrameworksBuildPhase;
			buildActionMask = 2147483647;
			files = (
				2D07766C9086451B4D262CB0 /* Pods_CleverloginTests.framework in Frameworks */,
			);
			runOnlyForDeploymentPostprocessing = 0;
		};
/* End PBXFrameworksBuildPhase section */

/* Begin PBXGroup section */
		08604AF3138DAA0EFD8F0736 /* Pods */ = {
			isa = PBXGroup;
			children = (
				8C3CE3DB25975FB1A351DFBA /* Pods-Cleverlogin.debug.xcconfig */,
				CCB8E14D8BF7E55C0C31534B /* Pods-Cleverlogin.release.xcconfig */,
				07976A9EABD04BCA2630BB47 /* Pods-CleverloginTests.debug.xcconfig */,
				D13D74163D57FCC9AF52D76B /* Pods-CleverloginTests.release.xcconfig */,
			);
			path = Pods;
			sourceTree = "<group>";
		};
		422B6AD824A1F7E800278D4C = {
			isa = PBXGroup;
			children = (
				422B6AE324A1F7E800278D4C /* Cleverlogin */,
				422B6AE224A1F7E800278D4C /* Products */,
				08604AF3138DAA0EFD8F0736 /* Pods */,
				6165688947943AF275380535 /* Frameworks */,
			);
			sourceTree = "<group>";
		};
		422B6AE224A1F7E800278D4C /* Products */ = {
			isa = PBXGroup;
			children = (
				422B6AE124A1F7E800278D4C /* Janosova.app */,
				422B6AF724A1F7F000278D4C /* CleverloginTests.xctest */,
			);
			name = Products;
			sourceTree = "<group>";
		};
		422B6AE324A1F7E800278D4C /* Cleverlogin */ = {
			isa = PBXGroup;
			children = (
				428228EB24A254FD0030AE0A /* Scenes */,
				428228EA24A254F30030AE0A /* View */,
				428228E724A2546C0030AE0A /* Model */,
				422B6B1A24A23F8500278D4C /* Extensions */,
				422B6B1924A23E4E00278D4C /* Resources */,
				422B6B1624A2336500278D4C /* Config */,
				422B6B0D24A2242000278D4C /* Networking */,
			);
			path = Cleverlogin;
			sourceTree = "<group>";
		};
		422B6B0D24A2242000278D4C /* Networking */ = {
			isa = PBXGroup;
			children = (
				422B6B0E24A2244400278D4C /* Service.swift */,
				422B6B1424A226E500278D4C /* Endpoint.swift */,
			);
			path = Networking;
			sourceTree = "<group>";
		};
		422B6B1624A2336500278D4C /* Config */ = {
			isa = PBXGroup;
			children = (
				4282290A24A4E8690030AE0A /* Constant.swift */,
			);
			path = Config;
			sourceTree = "<group>";
		};
		422B6B1924A23E4E00278D4C /* Resources */ = {
			isa = PBXGroup;
			children = (
				422B6AE424A1F7E800278D4C /* AppDelegate.swift */,
				422B6AF224A1F7EF00278D4C /* Info.plist */,
				422B6AED24A1F7EF00278D4C /* Assets.xcassets */,
			);
			path = Resources;
			sourceTree = "<group>";
		};
		422B6B1A24A23F8500278D4C /* Extensions */ = {
			isa = PBXGroup;
			children = (
				422B6B1D24A2414A00278D4C /* Result.swift */,
				428228EE24A36DA30030AE0A /* String.swift */,
				4282290024A3B4C00030AE0A /* ViewController.swift */,
			);
			path = Extensions;
			sourceTree = "<group>";
		};
		428228E724A2546C0030AE0A /* Model */ = {
			isa = PBXGroup;
			children = (
				428228E824A254870030AE0A /* LoginCredentials.swift */,
				4282290C24A4F0C30030AE0A /* ImageString.swift */,
			);
			path = Model;
			sourceTree = "<group>";
		};
		428228EA24A254F30030AE0A /* View */ = {
			isa = PBXGroup;
			children = (
				428228FA24A3B0EC0030AE0A /* LoadingButton.swift */,
			);
			path = View;
			sourceTree = "<group>";
		};
		428228EB24A254FD0030AE0A /* Scenes */ = {
			isa = PBXGroup;
			children = (
				428228F524A380F00030AE0A /* Image */,
				428228F424A380A40030AE0A /* Login */,
			);
			path = Scenes;
			sourceTree = "<group>";
		};
		428228F424A380A40030AE0A /* Login */ = {
			isa = PBXGroup;
			children = (
				428228F224A37ECD0030AE0A /* Login.storyboard */,
				428228EC24A26F910030AE0A /* LoginViewController.swift */,
				428228FC24A3B1370030AE0A /* LoginViewModel.swift */,
				428228FE24A3B1470030AE0A /* LoginViewDelegate.swift */,
			);
			path = Login;
			sourceTree = "<group>";
		};
		428228F524A380F00030AE0A /* Image */ = {
			isa = PBXGroup;
			children = (
				428228F624A3818E0030AE0A /* ImageViewController.swift */,
				4282290224A3BB990030AE0A /* ImageViewModel.swift */,
				4282290424A3BCF90030AE0A /* ImageViewDelegate.swift */,
				4282290824A3D3150030AE0A /* Image.storyboard */,
			);
			path = Image;
			sourceTree = "<group>";
		};
		6165688947943AF275380535 /* Frameworks */ = {
			isa = PBXGroup;
			children = (
				A8E6781C8482AF39D3DC3593 /* Pods_Cleverlogin.framework */,
				1FB6FCE3812FB7DB147B0962 /* Pods_CleverloginTests.framework */,
			);
			name = Frameworks;
			sourceTree = "<group>";
		};
/* End PBXGroup section */

/* Begin PBXNativeTarget section */
		422B6AE024A1F7E800278D4C /* Cleverlogin */ = {
			isa = PBXNativeTarget;
			buildConfigurationList = 422B6B0024A1F7F000278D4C /* Build configuration list for PBXNativeTarget "Cleverlogin" */;
			buildPhases = (
				DB4BAA7480EEB8344D0BCD9F /* [CP] Check Pods Manifest.lock */,
				422B6ADD24A1F7E800278D4C /* Sources */,
				422B6ADE24A1F7E800278D4C /* Frameworks */,
				422B6ADF24A1F7E800278D4C /* Resources */,
				406D4DC67E572CBDACECC357 /* [CP] Embed Pods Frameworks */,
			);
			buildRules = (
			);
			dependencies = (
			);
			name = Cleverlogin;
			productName = Cleverlogin;
			productReference = 422B6AE124A1F7E800278D4C /* Janosova.app */;
			productType = "com.apple.product-type.application";
		};
		422B6AF624A1F7F000278D4C /* CleverloginTests */ = {
			isa = PBXNativeTarget;
			buildConfigurationList = 422B6B0324A1F7F000278D4C /* Build configuration list for PBXNativeTarget "CleverloginTests" */;
			buildPhases = (
				D77C657C16B11D6079DEA11A /* [CP] Check Pods Manifest.lock */,
				422B6AF324A1F7F000278D4C /* Sources */,
				422B6AF424A1F7F000278D4C /* Frameworks */,
				422B6AF524A1F7F000278D4C /* Resources */,
			);
			buildRules = (
			);
			dependencies = (
				422B6AF924A1F7F000278D4C /* PBXTargetDependency */,
			);
			name = CleverloginTests;
			productName = CleverloginTests;
			productReference = 422B6AF724A1F7F000278D4C /* CleverloginTests.xctest */;
			productType = "com.apple.product-type.bundle.unit-test";
		};
/* End PBXNativeTarget section */

/* Begin PBXProject section */
		422B6AD924A1F7E800278D4C /* Project object */ = {
			isa = PBXProject;
			attributes = {
				LastSwiftUpdateCheck = 1150;
				LastUpgradeCheck = 1150;
				ORGANIZATIONNAME = "Lenka Janosova";
				TargetAttributes = {
					422B6AE024A1F7E800278D4C = {
						CreatedOnToolsVersion = 11.5;
					};
					422B6AF624A1F7F000278D4C = {
						CreatedOnToolsVersion = 11.5;
						TestTargetID = 422B6AE024A1F7E800278D4C;
					};
				};
			};
			buildConfigurationList = 422B6ADC24A1F7E800278D4C /* Build configuration list for PBXProject "Cleverlogin" */;
			compatibilityVersion = "Xcode 9.3";
			developmentRegion = en;
			hasScannedForEncodings = 0;
			knownRegions = (
				en,
				Base,
			);
			mainGroup = 422B6AD824A1F7E800278D4C;
			productRefGroup = 422B6AE224A1F7E800278D4C /* Products */;
			projectDirPath = "";
			projectRoot = "";
			targets = (
				422B6AE024A1F7E800278D4C /* Cleverlogin */,
				422B6AF624A1F7F000278D4C /* CleverloginTests */,
			);
		};
/* End PBXProject section */

/* Begin PBXResourcesBuildPhase section */
		422B6ADF24A1F7E800278D4C /* Resources */ = {
			isa = PBXResourcesBuildPhase;
			buildActionMask = 2147483647;
			files = (
				428228F324A37ECD0030AE0A /* Login.storyboard in Resources */,
				422B6AEE24A1F7EF00278D4C /* Assets.xcassets in Resources */,
				4282290924A3D3150030AE0A /* Image.storyboard in Resources */,
			);
			runOnlyForDeploymentPostprocessing = 0;
		};
		422B6AF524A1F7F000278D4C /* Resources */ = {
			isa = PBXResourcesBuildPhase;
			buildActionMask = 2147483647;
			files = (
			);
			runOnlyForDeploymentPostprocessing = 0;
		};
/* End PBXResourcesBuildPhase section */

/* Begin PBXShellScriptBuildPhase section */
		406D4DC67E572CBDACECC357 /* [CP] Embed Pods Frameworks */ = {
			isa = PBXShellScriptBuildPhase;
			buildActionMask = 2147483647;
			files = (
			);
			inputFileListPaths = (
				"${PODS_ROOT}/Target Support Files/Pods-Cleverlogin/Pods-Cleverlogin-frameworks-${CONFIGURATION}-input-files.xcfilelist",
			);
			name = "[CP] Embed Pods Frameworks";
			outputFileListPaths = (
				"${PODS_ROOT}/Target Support Files/Pods-Cleverlogin/Pods-Cleverlogin-frameworks-${CONFIGURATION}-output-files.xcfilelist",
			);
			runOnlyForDeploymentPostprocessing = 0;
			shellPath = /bin/sh;
			shellScript = "\"${PODS_ROOT}/Target Support Files/Pods-Cleverlogin/Pods-Cleverlogin-frameworks.sh\"\n";
			showEnvVarsInLog = 0;
		};
		D77C657C16B11D6079DEA11A /* [CP] Check Pods Manifest.lock */ = {
			isa = PBXShellScriptBuildPhase;
			buildActionMask = 2147483647;
			files = (
			);
			inputFileListPaths = (
			);
			inputPaths = (
				"${PODS_PODFILE_DIR_PATH}/Podfile.lock",
				"${PODS_ROOT}/Manifest.lock",
			);
			name = "[CP] Check Pods Manifest.lock";
			outputFileListPaths = (
			);
			outputPaths = (
				"$(DERIVED_FILE_DIR)/Pods-CleverloginTests-checkManifestLockResult.txt",
			);
			runOnlyForDeploymentPostprocessing = 0;
			shellPath = /bin/sh;
			shellScript = "diff \"${PODS_PODFILE_DIR_PATH}/Podfile.lock\" \"${PODS_ROOT}/Manifest.lock\" > /dev/null\nif [ $? != 0 ] ; then\n    # print error to STDERR\n    echo \"error: The sandbox is not in sync with the Podfile.lock. Run 'pod install' or update your CocoaPods installation.\" >&2\n    exit 1\nfi\n# This output is used by Xcode 'outputs' to avoid re-running this script phase.\necho \"SUCCESS\" > \"${SCRIPT_OUTPUT_FILE_0}\"\n";
			showEnvVarsInLog = 0;
		};
		DB4BAA7480EEB8344D0BCD9F /* [CP] Check Pods Manifest.lock */ = {
			isa = PBXShellScriptBuildPhase;
			buildActionMask = 2147483647;
			files = (
			);
			inputFileListPaths = (
			);
			inputPaths = (
				"${PODS_PODFILE_DIR_PATH}/Podfile.lock",
				"${PODS_ROOT}/Manifest.lock",
			);
			name = "[CP] Check Pods Manifest.lock";
			outputFileListPaths = (
			);
			outputPaths = (
				"$(DERIVED_FILE_DIR)/Pods-Cleverlogin-checkManifestLockResult.txt",
			);
			runOnlyForDeploymentPostprocessing = 0;
			shellPath = /bin/sh;
			shellScript = "diff \"${PODS_PODFILE_DIR_PATH}/Podfile.lock\" \"${PODS_ROOT}/Manifest.lock\" > /dev/null\nif [ $? != 0 ] ; then\n    # print error to STDERR\n    echo \"error: The sandbox is not in sync with the Podfile.lock. Run 'pod install' or update your CocoaPods installation.\" >&2\n    exit 1\nfi\n# This output is used by Xcode 'outputs' to avoid re-running this script phase.\necho \"SUCCESS\" > \"${SCRIPT_OUTPUT_FILE_0}\"\n";
			showEnvVarsInLog = 0;
		};
/* End PBXShellScriptBuildPhase section */

/* Begin PBXSourcesBuildPhase section */
		422B6ADD24A1F7E800278D4C /* Sources */ = {
			isa = PBXSourcesBuildPhase;
			buildActionMask = 2147483647;
			files = (
				428228ED24A26F910030AE0A /* LoginViewController.swift in Sources */,
				428228FF24A3B1470030AE0A /* LoginViewDelegate.swift in Sources */,
				428228E924A254870030AE0A /* LoginCredentials.swift in Sources */,
				4282290B24A4E8690030AE0A /* Constant.swift in Sources */,
				428228EF24A36DA30030AE0A /* String.swift in Sources */,
				4282290124A3B4C00030AE0A /* ViewController.swift in Sources */,
				4282290D24A4F0C30030AE0A /* ImageString.swift in Sources */,
				422B6B0F24A2244400278D4C /* Service.swift in Sources */,
				4282290324A3BB990030AE0A /* ImageViewModel.swift in Sources */,
				422B6AE524A1F7E800278D4C /* AppDelegate.swift in Sources */,
				428228FB24A3B0EC0030AE0A /* LoadingButton.swift in Sources */,
				422B6B1E24A2414A00278D4C /* Result.swift in Sources */,
				4282290524A3BCF90030AE0A /* ImageViewDelegate.swift in Sources */,
				428228FD24A3B1370030AE0A /* LoginViewModel.swift in Sources */,
				428228F724A3818E0030AE0A /* ImageViewController.swift in Sources */,
				422B6B1524A226E500278D4C /* Endpoint.swift in Sources */,
			);
			runOnlyForDeploymentPostprocessing = 0;
		};
		422B6AF324A1F7F000278D4C /* Sources */ = {
			isa = PBXSourcesBuildPhase;
			buildActionMask = 2147483647;
			files = (
			);
			runOnlyForDeploymentPostprocessing = 0;
		};
/* End PBXSourcesBuildPhase section */

/* Begin PBXTargetDependency section */
		422B6AF924A1F7F000278D4C /* PBXTargetDependency */ = {
			isa = PBXTargetDependency;
			target = 422B6AE024A1F7E800278D4C /* Cleverlogin */;
			targetProxy = 422B6AF824A1F7F000278D4C /* PBXContainerItemProxy */;
		};
/* End PBXTargetDependency section */

/* Begin XCBuildConfiguration section */
		422B6AFE24A1F7F000278D4C /* Debug */ = {
			isa = XCBuildConfiguration;
			buildSettings = {
				ALWAYS_SEARCH_USER_PATHS = NO;
				CLANG_ANALYZER_NONNULL = YES;
				CLANG_ANALYZER_NUMBER_OBJECT_CONVERSION = YES_AGGRESSIVE;
				CLANG_CXX_LANGUAGE_STANDARD = "gnu++14";
				CLANG_CXX_LIBRARY = "libc++";
				CLANG_ENABLE_MODULES = YES;
				CLANG_ENABLE_OBJC_ARC = YES;
				CLANG_ENABLE_OBJC_WEAK = YES;
				CLANG_WARN_BLOCK_CAPTURE_AUTORELEASING = YES;
				CLANG_WARN_BOOL_CONVERSION = YES;
				CLANG_WARN_COMMA = YES;
				CLANG_WARN_CONSTANT_CONVERSION = YES;
				CLANG_WARN_DEPRECATED_OBJC_IMPLEMENTATIONS = YES;
				CLANG_WARN_DIRECT_OBJC_ISA_USAGE = YES_ERROR;
				CLANG_WARN_DOCUMENTATION_COMMENTS = YES;
				CLANG_WARN_EMPTY_BODY = YES;
				CLANG_WARN_ENUM_CONVERSION = YES;
				CLANG_WARN_INFINITE_RECURSION = YES;
				CLANG_WARN_INT_CONVERSION = YES;
				CLANG_WARN_NON_LITERAL_NULL_CONVERSION = YES;
				CLANG_WARN_OBJC_IMPLICIT_RETAIN_SELF = YES;
				CLANG_WARN_OBJC_LITERAL_CONVERSION = YES;
				CLANG_WARN_OBJC_ROOT_CLASS = YES_ERROR;
				CLANG_WARN_RANGE_LOOP_ANALYSIS = YES;
				CLANG_WARN_STRICT_PROTOTYPES = YES;
				CLANG_WARN_SUSPICIOUS_MOVE = YES;
				CLANG_WARN_UNGUARDED_AVAILABILITY = YES_AGGRESSIVE;
				CLANG_WARN_UNREACHABLE_CODE = YES;
				CLANG_WARN__DUPLICATE_METHOD_MATCH = YES;
				COPY_PHASE_STRIP = NO;
				DEBUG_INFORMATION_FORMAT = dwarf;
				ENABLE_STRICT_OBJC_MSGSEND = YES;
				ENABLE_TESTABILITY = YES;
				GCC_C_LANGUAGE_STANDARD = gnu11;
				GCC_DYNAMIC_NO_PIC = NO;
				GCC_NO_COMMON_BLOCKS = YES;
				GCC_OPTIMIZATION_LEVEL = 0;
				GCC_PREPROCESSOR_DEFINITIONS = (
					"DEBUG=1",
					"$(inherited)",
				);
				GCC_WARN_64_TO_32_BIT_CONVERSION = YES;
				GCC_WARN_ABOUT_RETURN_TYPE = YES_ERROR;
				GCC_WARN_UNDECLARED_SELECTOR = YES;
				GCC_WARN_UNINITIALIZED_AUTOS = YES_AGGRESSIVE;
				GCC_WARN_UNUSED_FUNCTION = YES;
				GCC_WARN_UNUSED_VARIABLE = YES;
				IPHONEOS_DEPLOYMENT_TARGET = 13.5;
				MTL_ENABLE_DEBUG_INFO = INCLUDE_SOURCE;
				MTL_FAST_MATH = YES;
				ONLY_ACTIVE_ARCH = YES;
				SDKROOT = iphoneos;
				SWIFT_ACTIVE_COMPILATION_CONDITIONS = DEBUG;
				SWIFT_OPTIMIZATION_LEVEL = "-Onone";
			};
			name = Debug;
		};
		422B6AFF24A1F7F000278D4C /* Release */ = {
			isa = XCBuildConfiguration;
			buildSettings = {
				ALWAYS_SEARCH_USER_PATHS = NO;
				CLANG_ANALYZER_NONNULL = YES;
				CLANG_ANALYZER_NUMBER_OBJECT_CONVERSION = YES_AGGRESSIVE;
				CLANG_CXX_LANGUAGE_STANDARD = "gnu++14";
				CLANG_CXX_LIBRARY = "libc++";
				CLANG_ENABLE_MODULES = YES;
				CLANG_ENABLE_OBJC_ARC = YES;
				CLANG_ENABLE_OBJC_WEAK = YES;
				CLANG_WARN_BLOCK_CAPTURE_AUTORELEASING = YES;
				CLANG_WARN_BOOL_CONVERSION = YES;
				CLANG_WARN_COMMA = YES;
				CLANG_WARN_CONSTANT_CONVERSION = YES;
				CLANG_WARN_DEPRECATED_OBJC_IMPLEMENTATIONS = YES;
				CLANG_WARN_DIRECT_OBJC_ISA_USAGE = YES_ERROR;
				CLANG_WARN_DOCUMENTATION_COMMENTS = YES;
				CLANG_WARN_EMPTY_BODY = YES;
				CLANG_WARN_ENUM_CONVERSION = YES;
				CLANG_WARN_INFINITE_RECURSION = YES;
				CLANG_WARN_INT_CONVERSION = YES;
				CLANG_WARN_NON_LITERAL_NULL_CONVERSION = YES;
				CLANG_WARN_OBJC_IMPLICIT_RETAIN_SELF = YES;
				CLANG_WARN_OBJC_LITERAL_CONVERSION = YES;
				CLANG_WARN_OBJC_ROOT_CLASS = YES_ERROR;
				CLANG_WARN_RANGE_LOOP_ANALYSIS = YES;
				CLANG_WARN_STRICT_PROTOTYPES = YES;
				CLANG_WARN_SUSPICIOUS_MOVE = YES;
				CLANG_WARN_UNGUARDED_AVAILABILITY = YES_AGGRESSIVE;
				CLANG_WARN_UNREACHABLE_CODE = YES;
				CLANG_WARN__DUPLICATE_METHOD_MATCH = YES;
				COPY_PHASE_STRIP = NO;
				DEBUG_INFORMATION_FORMAT = "dwarf-with-dsym";
				ENABLE_NS_ASSERTIONS = NO;
				ENABLE_STRICT_OBJC_MSGSEND = YES;
				GCC_C_LANGUAGE_STANDARD = gnu11;
				GCC_NO_COMMON_BLOCKS = YES;
				GCC_WARN_64_TO_32_BIT_CONVERSION = YES;
				GCC_WARN_ABOUT_RETURN_TYPE = YES_ERROR;
				GCC_WARN_UNDECLARED_SELECTOR = YES;
				GCC_WARN_UNINITIALIZED_AUTOS = YES_AGGRESSIVE;
				GCC_WARN_UNUSED_FUNCTION = YES;
				GCC_WARN_UNUSED_VARIABLE = YES;
				IPHONEOS_DEPLOYMENT_TARGET = 13.5;
				MTL_ENABLE_DEBUG_INFO = NO;
				MTL_FAST_MATH = YES;
				SDKROOT = iphoneos;
				SWIFT_COMPILATION_MODE = wholemodule;
				SWIFT_OPTIMIZATION_LEVEL = "-O";
				VALIDATE_PRODUCT = YES;
			};
			name = Release;
		};
		422B6B0124A1F7F000278D4C /* Debug */ = {
			isa = XCBuildConfiguration;
			baseConfigurationReference = 8C3CE3DB25975FB1A351DFBA /* Pods-Cleverlogin.debug.xcconfig */;
			buildSettings = {
				ASSETCATALOG_COMPILER_APPICON_NAME = AppIcon;
				CODE_SIGN_STYLE = Automatic;
				CURRENT_PROJECT_VERSION = 1;
				DEVELOPMENT_TEAM = A74JJ433GY;
				INFOPLIST_FILE = "$(SRCROOT)/Cleverlogin/Resources/Info.plist";
				LD_RUNPATH_SEARCH_PATHS = (
					"$(inherited)",
					"@executable_path/Frameworks",
				);
				MARKETING_VERSION = 1.0;
				PRODUCT_BUNDLE_IDENTIFIER = lenkajanosova.Cleverlogin;
				PRODUCT_NAME = Janosova;
				SWIFT_VERSION = 5.0;
				TARGETED_DEVICE_FAMILY = "1,2";
			};
			name = Debug;
		};
		422B6B0224A1F7F000278D4C /* Release */ = {
			isa = XCBuildConfiguration;
			baseConfigurationReference = CCB8E14D8BF7E55C0C31534B /* Pods-Cleverlogin.release.xcconfig */;
			buildSettings = {
				ASSETCATALOG_COMPILER_APPICON_NAME = AppIcon;
				CODE_SIGN_STYLE = Automatic;
				CURRENT_PROJECT_VERSION = 1;
				DEVELOPMENT_TEAM = A74JJ433GY;
				INFOPLIST_FILE = "$(SRCROOT)/Cleverlogin/Resources/Info.plist";
				LD_RUNPATH_SEARCH_PATHS = (
					"$(inherited)",
					"@executable_path/Frameworks",
				);
				MARKETING_VERSION = 1.0;
				PRODUCT_BUNDLE_IDENTIFIER = lenkajanosova.Cleverlogin;
				PRODUCT_NAME = Janosova;
				SWIFT_VERSION = 5.0;
				TARGETED_DEVICE_FAMILY = "1,2";
			};
			name = Release;
		};
		422B6B0424A1F7F000278D4C /* Debug */ = {
			isa = XCBuildConfiguration;
			baseConfigurationReference = 07976A9EABD04BCA2630BB47 /* Pods-CleverloginTests.debug.xcconfig */;
			buildSettings = {
				ALWAYS_EMBED_SWIFT_STANDARD_LIBRARIES = YES;
				BUNDLE_LOADER = "$(TEST_HOST)";
				CODE_SIGN_STYLE = Automatic;
				DEVELOPMENT_TEAM = A74JJ433GY;
				INFOPLIST_FILE = CleverloginTests/Info.plist;
				IPHONEOS_DEPLOYMENT_TARGET = 13.5;
				LD_RUNPATH_SEARCH_PATHS = (
					"$(inherited)",
					"@executable_path/Frameworks",
					"@loader_path/Frameworks",
				);
				PRODUCT_BUNDLE_IDENTIFIER = lenkajanosova.Cleverlogin.CleverloginTests;
				PRODUCT_NAME = "$(TARGET_NAME)";
				SWIFT_VERSION = 5.0;
				TARGETED_DEVICE_FAMILY = "1,2";
				TEST_HOST = "$(BUILT_PRODUCTS_DIR)/Cleverlogin.app/Cleverlogin";
			};
			name = Debug;
		};
		422B6B0524A1F7F000278D4C /* Release */ = {
			isa = XCBuildConfiguration;
			baseConfigurationReference = D13D74163D57FCC9AF52D76B /* Pods-CleverloginTests.release.xcconfig */;
			buildSettings = {
				ALWAYS_EMBED_SWIFT_STANDARD_LIBRARIES = YES;
				BUNDLE_LOADER = "$(TEST_HOST)";
				CODE_SIGN_STYLE = Automatic;
				DEVELOPMENT_TEAM = A74JJ433GY;
				INFOPLIST_FILE = CleverloginTests/Info.plist;
				IPHONEOS_DEPLOYMENT_TARGET = 13.5;
				LD_RUNPATH_SEARCH_PATHS = (
					"$(inherited)",
					"@executable_path/Frameworks",
					"@loader_path/Frameworks",
				);
				PRODUCT_BUNDLE_IDENTIFIER = lenkajanosova.Cleverlogin.CleverloginTests;
				PRODUCT_NAME = "$(TARGET_NAME)";
				SWIFT_VERSION = 5.0;
				TARGETED_DEVICE_FAMILY = "1,2";
				TEST_HOST = "$(BUILT_PRODUCTS_DIR)/Cleverlogin.app/Cleverlogin";
			};
			name = Release;
		};
/* End XCBuildConfiguration section */

/* Begin XCConfigurationList section */
		422B6ADC24A1F7E800278D4C /* Build configuration list for PBXProject "Cleverlogin" */ = {
			isa = XCConfigurationList;
			buildConfigurations = (
				422B6AFE24A1F7F000278D4C /* Debug */,
				422B6AFF24A1F7F000278D4C /* Release */,
			);
			defaultConfigurationIsVisible = 0;
			defaultConfigurationName = Release;
		};
		422B6B0024A1F7F000278D4C /* Build configuration list for PBXNativeTarget "Cleverlogin" */ = {
			isa = XCConfigurationList;
			buildConfigurations = (
				422B6B0124A1F7F000278D4C /* Debug */,
				422B6B0224A1F7F000278D4C /* Release */,
			);
			defaultConfigurationIsVisible = 0;
			defaultConfigurationName = Release;
		};
		422B6B0324A1F7F000278D4C /* Build configuration list for PBXNativeTarget "CleverloginTests" */ = {
			isa = XCConfigurationList;
			buildConfigurations = (
				422B6B0424A1F7F000278D4C /* Debug */,
				422B6B0524A1F7F000278D4C /* Release */,
			);
			defaultConfigurationIsVisible = 0;
			defaultConfigurationName = Release;
		};
/* End XCConfigurationList section */
	};
	rootObject = 422B6AD924A1F7E800278D4C /* Project object */;
}
